
Microsoft Visual Studio Solution File, Format Version 12.00
# Visual Studio Version 17
VisualStudioVersion = 17.6.33723.286
MinimumVisualStudioVersion = 10.0.40219.1
Project("{8BC9CEB8-8B4A-11D0-8D11-00A0C91BC942}") = "10121", "10121\10121.vcxproj", "{9C7B6798-DC4B-473A-8297-EAF211704C16}"
EndProject
Global
	GlobalSection(SolutionConfigurationPlatforms) = preSolution
		Debug|x64 = Debug|x64
		Debug|x86 = Debug|x86
		Release|x64 = Release|x64
		Release|x86 = Release|x86
	EndGlobalSection
	GlobalSection(ProjectConfigurationPlatforms) = postSolution
		{9C7B6798-DC4B-473A-8297-EAF211704C16}.Debug|x64.ActiveCfg = Debug|x64
		{9C7B6798-DC4B-473A-8297-EAF211704C16}.Debug|x64.Build.0 = Debug|x64
		{9C7B6798-DC4B-473A-8297-EAF211704C16}.Debug|x86.ActiveCfg = Debug|Win32
		{9C7B6798-DC4B-473A-8297-EAF211704C16}.Debug|x86.Build.0 = Debug|Win32
		{9C7B6798-DC4B-473A-8297-EAF211704C16}.Release|x64.ActiveCfg = Release|x64
		{9C7B6798-DC4B-473A-8297-EAF211704C16}.Release|x64.Build.0 = Release|x64
		{9C7B6798-DC4B-473A-8297-EAF211704C16}.Release|x86.ActiveCfg = Release|Win32
		{9C7B6798-DC4B-473A-8297-EAF211704C16}.Release|x86.Build.0 = Release|Win32
	EndGlobalSection
	GlobalSection(SolutionProperties) = preSolution
		HideSolutionNode = FALSE
	EndGlobalSection
	GlobalSection(ExtensibilityGlobals) = postSolution
		SolutionGuid = {293733D8-1BFD-47EE-B8E6-D2657B8CEFF6}
	EndGlobalSection
EndGlobal
